{
  "name": "workspace-remote",
  "version": "0.1.0",
  "lockfileVersion": 3,
  "requires": true,
  "packages": {
    "": {
      "name": "workspace-remote",
      "version": "0.1.0",
      "license": "MIT",
      "dependencies": {
        "ws": "^8.20.0"
      },
      "devDependencies": {
        "@types/node": "^22.0.0",
        "@types/vscode": "^1.85.0",
        "@types/ws": "^8.18.0",
        "typescript": "next"
      },
      "engines": {
        "vscode": "^1.85.0"
      }
    },
    "node_modules/@types/node": {
      "version": "22.19.19",
      "resolved": "https://registry.npmjs.org/@types/node/-/node-22.19.19.tgz",
      "integrity": "sha512-dyh/xO2Fh5bYrfWaaqGrRQQGkNdmYw6AmaAUvYeUMNTWQtvb796ikLdmTchRmOlOiIJ1TDXfWgVx1QkUlQ6Hew==",
      "dev": true,
      "license": "MIT",
      "dependencies": {
        "undici-types": "~6.21.0"
      }
    },
    "node_modules/@types/vscode": {
      "version": "1.120.0",
      "resolved": "https://registry.npmjs.org/@types/vscode/-/vscode-1.120.0.tgz",
      "integrity": "sha512-feaT4Rst+FkTch5zz/ZbNCxoIvo55YU80Be2kiL7OJcod4+CUYf2lUBPdIJzozNnSEMq1VRTGrWEcCGFB3fBmA==",
      "dev": true,
      "license": "MIT"
    },
    "node_modules/@types/ws": {
      "version": "8.18.1",
      "resolved": "https://registry.npmjs.org/@types/ws/-/ws-8.18.1.tgz",
      "integrity": "sha512-ThVF6DCVhA8kUGy+aazFQ4kXQ7E1Ty7A3ypFOe0IcJV8O/M511G99AW24irKrW56Wt44yG9+ij8FaqoBGkuBXg==",
      "dev": true,
      "license": "MIT",
      "dependencies": {
        "@types/node": "*"
      }
    },
    "node_modules/@typescript/typescript-darwin-arm64": {
      "version": "7.1.0-dev.20260922.1",
      "resolved": "https://registry.npmjs.org/@typescript/typescript-darwin-arm64/-/typescript-darwin-arm64-7.1.0-dev.20260922.1.tgz",
      "integrity": "sha512-Yp+LWe9FJBnOmTo4ImaWwwRQqfyTMyq1jDu5EH4IWRAVxdm982LRB4j30bCBycre4ReFzA+Is5Uc+i6jvem0Dg==",
      "cpu": [
        "arm64"
      ],
      "dev": true,
      "license": "Apache-2.0",
      "optional": true,
      "os": [
        "darwin"
      ],
      "engines": {
        "node": ">=16.20.0"
      }
    },
    "node_modules/@typescript/typescript-darwin-x64": {
      "version": "7.1.0-dev.20260922.1",
      "resolved": "https://registry.npmjs.org/@typescript/typescript-darwin-x64/-/typescript-darwin-x64-7.1.0-dev.20260922.1.tgz",
      "integrity": "sha512-G8iU8StWDoUOu+n1INfCI46iS/0Tu/rUw0bWCJxCv5TjDzlzR9v2riA+BeDcKSwGgzYnFSCc9HRu4rnrCwFtag==",
      "cpu": [
        "x64"
      ],
      "dev": true,
      "license": "Apache-2.0",
      "optional": true,
      "os": [
        "darwin"
      ],
      "engines": {
        "node": ">=16.20.0"
      }
    },
    "node_modules/@typescript/typescript-linux-arm": {
      "version": "7.1.0-dev.20260922.1",
      "resolved": "https://registry.npmjs.org/@typescript/typescript-linux-arm/-/typescript-linux-arm-7.1.0-dev.20260922.1.tgz",
      "integrity": "sha512-4w+Ztlff1U5INtBEeYnNBvBkDkAjH+lwQspxBEmVKxcvDDigYYIH6JpRx7zt3znxsR9Z3Fk5JQAgW5U8ve1tZg==",
      "cpu": [
        "arm"
      ],
      "dev": true,
      "license": "Apache-2.0",
      "optional": true,
      "os": [
        "linux"
      ],
      "engines": {
        "node": ">=16.20.0"
      }
    },
    "node_modules/@typescript/typescript-linux-arm64": {
      "version": "7.1.0-dev.20260922.1",
      "resolved": "https://registry.npmjs.org/@typescript/typescript-linux-arm64/-/typescript-linux-arm64-7.1.0-dev.20260922.1.tgz",
      "integrity": "sha512-6+dj4AsWeserJ5/5f3DgI+ibzJBr3l7pXEGxMUuv+lwoQ6QDVZ1tOGaJdsZy4Hg5atMZi/m7iuDFJPvWbYYMxQ==",
      "cpu": [
        "arm64"
      ],
      "dev": true,
      "license": "Apache-2.0",
      "optional": true,
      "os": [
        "linux"
      ],
      "engines": {
        "node": ">=16.20.0"
      }
    },
    "node_modules/@typescript/typescript-linux-x64": {
      "version": "7.1.0-dev.20260922.1",
      "resolved": "https://registry.npmjs.org/@typescript/typescript-linux-x64/-/typescript-linux-x64-7.1.0-dev.20260922.1.tgz",
      "integrity": "sha512-E4/JVTP1bJFk99cdsIG+AjLAuQEPpRDlwyhUExb6n6tqCPBeI4QlQa9bHZwv3xAMwRpYx5yHyYde2G5Isou7Dg==",
      "cpu": [
        "x64"
      ],
      "dev": true,
      "license": "Apache-2.0",
      "optional": true,
      "os": [
        "linux"
      ],
      "engines": {
        "node": ">=16.20.0"
      }
    },
    "node_modules/@typescript/typescript-win32-arm64": {
      "version": "7.1.0-dev.20260922.1",
      "resolved": "https://registry.npmjs.org/@typescript/typescript-win32-arm64/-/typescript-win32-arm64-7.1.0-dev.20260922.1.tgz",
      "integrity": "sha512-0LE0ikOpuZN2RGqGfOJHjtHFGVsQ0QWUcLxqaA02kpHhs95wuPjbgSJTp1bTCw86CMsTR3RLj/N1NGtw0IC6tw==",
      "cpu": [
        "arm64"
      ],
      "dev": true,
      "license": "Apache-2.0",
      "optional": true,
      "os": [
        "win32"
      ],
      "engines": {
        "node": ">=16.20.0"
      }
    },
    "node_modules/@typescript/typescript-win32-x64": {
      "version": "7.1.0-dev.20260922.1",
      "resolved": "https://registry.npmjs.org/@typescript/typescript-win32-x64/-/typescript-win32-x64-7.1.0-dev.20260922.1.tgz",
      "integrity": "sha512-EysfoTSY19NBoG9RAdTz6/YT0HisIFzBak359KEvjeGMEggawBgWrjCfxjsWFuMd3fTt13USQ7W5aPH6+VrZpA==",
      "cpu": [
        "x64"
      ],
      "dev": true,
      "license": "Apache-2.0",
      "optional": true,
      "os": [
        "win32"
      ],
      "engines": {
        "node": ">=16.20.0"
      }
    },
    "node_modules/typescript": {
      "version": "7.1.0-dev.20260922.1",
      "resolved": "https://registry.npmjs.org/typescript/-/typescript-7.1.0-dev.20260922.1.tgz",
      "integrity": "sha512-m8MHrUEVO3XMp+5fsI15IiSCFVKLIVQxltwRYiI3VVpLIgjKZYy6Ec5JnzoQ6i9vC9B7FfCU3cmOj0uZP4HU/g==",
      "dev": true,
      "license": "Apache-2.0",
      "bin": {
        "tsc": "bin/tsc"
      },
      "engines": {
        "node": ">=16.20.0"
      },
      "optionalDependencies": {
        "@typescript/typescript-darwin-arm64": "7.1.0-dev.20260922.1",
        "@typescript/typescript-darwin-x64": "7.1.0-dev.20260922.1",
        "@typescript/typescript-linux-arm": "7.1.0-dev.20260922.1",
        "@typescript/typescript-linux-arm64": "7.1.0-dev.20260922.1",
        "@typescript/typescript-linux-x64": "7.1.0-dev.20260922.1",
        "@typescript/typescript-win32-arm64": "7.1.0-dev.20260922.1",
        "@typescript/typescript-win32-x64": "7.1.0-dev.20260922.1"
      }
    },
    "node_modules/undici-types": {
      "version": "6.21.0",
      "resolved": "https://registry.npmjs.org/undici-types/-/undici-types-6.21.0.tgz",
      "integrity": "sha512-iwDZqg0QAGrg9Rav5H4n0M64c3mkR59cJ6wQp+7C4nI0gsmExaedaYLNO44eT4AtBBwjbTiGPMlt2Md0T9H9JQ==",
      "dev": true,
      "license": "MIT"
    },
    "node_modules/ws": {
      "version": "8.20.1",
      "resolved": "https://registry.npmjs.org/ws/-/ws-8.20.1.tgz",
      "integrity": "sha512-It4dO0K5v//JtTXuPkfEOaI3uUN87iYPnqo/ZzqCoG3g8uhA66QUMs/SrM0YK7/NAu+r4LMh/9dq2A7k+rHs+w==",
      "license": "MIT",
      "engines": {
        "node": ">=10.0.0"
      },
      "peerDependencies": {
        "bufferutil": "^4.0.1",
        "utf-8-validate": ">=5.0.2"
      },
      "peerDependenciesMeta": {
        "bufferutil": {
          "optional": true
        },
        "utf-8-validate": {
          "optional": true
        }
      }
    }
  }
}
